{
  "requires": true,
  "lockfileVersion": 1,
  "dependencies": {
    "types-registry": {
      "version": "0.1.693",
      "resolved": "https://registry.npmjs.org/types-registry/-/types-registry-0.1.693.tgz",
      "integrity": "sha512-+se0R4MGmGU3DM92pIKyq4BtB4BEqiblim1hF/ilfnoiWzPQ3QlHufjGqZhWd9zvcwTO6frBBiLdafTcGFfyKw=="
    }
  }
}
